// !$*UTF8*$!
{
	archiveVersion = 1;
	classes = {
	};
	objectVersion = 55;
	objects = {

/* Begin PBXBuildFile section */
		AE3FEFBD27F34B5100BE232C /* SwiftUI_ModifiersApp.swift in Sources */ = {isa = PBXBuildFile; fileRef = AE3FEFBC27F34B5100BE232C /* SwiftUI_ModifiersApp.swift */; };
		AE3FEFBF27F34B5100BE232C /* ContentView.swift in Sources */ = {isa = PBXBuildFile; fileRef = AE3FEFBE27F34B5100BE232C /* ContentView.swift */; };
		AE3FEFC127F34B5300BE232C /* Assets.xcassets in Resources */ = {isa = PBXBuildFile; fileRef = AE3FEFC027F34B5300BE232C /* Assets.xcassets */; };
		AE3FEFC427F34B5300BE232C /* Preview Assets.xcassets in Resources */ = {isa = PBXBuildFile; fileRef = AE3FEFC327F34B5300BE232C /* Preview Assets.xcassets */; };
		AE3FEFCB27F34C9900BE232C /* OnChangeView.swift in Sources */ = {isa = PBXBuildFile; fileRef = AE3FEFCA27F34C9900BE232C /* OnChangeView.swift */; };
		AE3FEFCD27F34CBA00BE232C /* RedactedView.swift in Sources */ = {isa = PBXBuildFile; fileRef = AE3FEFCC27F34CBA00BE232C /* RedactedView.swift */; };
		AE3FEFCF27F34D7000BE232C /* ScrollToView.swift in Sources */ = {isa = PBXBuildFile; fileRef = AE3FEFCE27F34D7000BE232C /* ScrollToView.swift */; };
/* End PBXBuildFile section */

/* Begin PBXFileReference section */
		AE3FEFB927F34B5100BE232C /* SwiftUI Modifiers.app */ = {isa = PBXFileReference; explicitFileType = wrapper.application; includeInIndex = 0; path = "SwiftUI Modifiers.app"; sourceTree = BUILT_PRODUCTS_DIR; };
		AE3FEFBC27F34B5100BE232C /* SwiftUI_ModifiersApp.swift */ = {isa = PBXFileReference; lastKnownFileType = sourcecode.swift; path = SwiftUI_ModifiersApp.swift; sourceTree = "<group>"; };
		AE3FEFBE27F34B5100BE232C /* ContentView.swift */ = {isa = PBXFileReference; lastKnownFileType = sourcecode.swift; path = ContentView.swift; sourceTree = "<group>"; };
		AE3FEFC027F34B5300BE232C /* Assets.xcassets */ = {isa = PBXFileReference; lastKnownFileType = folder.assetcatalog; path = Assets.xcassets; sourceTree = "<group>"; };
		AE3FEFC327F34B5300BE232C /* Preview Assets.xcassets */ = {isa = PBXFileReference; lastKnownFileType = folder.assetcatalog; path = "Preview Assets.xcassets"; sourceTree = "<group>"; };
		AE3FEFCA27F34C9900BE232C /* OnChangeView.swift */ = {isa = PBXFileReference; lastKnownFileType = sourcecode.swift; path = OnChangeView.swift; sourceTree = "<group>"; };
		AE3FEFCC27F34CBA00BE232C /* RedactedView.swift */ = {isa = PBXFileReference; lastKnownFileType = sourcecode.swift; path = RedactedView.swift; sourceTree = "<group>"; };
		AE3FEFCE27F34D7000BE232C /* ScrollToView.swift */ = {isa = PBXFileReference; lastKnownFileType = sourcecode.swift; path = ScrollToView.swift; sourceTree = "<group>"; };
/* End PBXFileReference section */

/* Begin PBXFrameworksBuildPhase section */
		AE3FEFB627F34B5100BE232C /* Frameworks */ = {
			isa = PBXFrameworksBuildPhase;
			buildActionMask = 2147483647;
			files = (
			);
			runOnlyForDeploymentPostprocessing = 0;
		};
/* End PBXFrameworksBuildPhase section */

/* Begin PBXGroup section */
		AE3FEFB027F34B5100BE232C = {
			isa = PBXGroup;
			children = (
				AE3FEFBB27F34B5100BE232C /* SwiftUI Modifiers */,
				AE3FEFBA27F34B5100BE232C /* Products */,
			);
			sourceTree = "<group>";
		};
		AE3FEFBA27F34B5100BE232C /* Products */ = {
			isa = PBXGroup;
			children = (
				AE3FEFB927F34B5100BE232C /* SwiftUI Modifiers.app */,
			);
			name = Products;
			sourceTree = "<group>";
		};
		AE3FEFBB27F34B5100BE232C /* SwiftUI Modifiers */ = {
			isa = PBXGroup;
			children = (
				AE3FEFBC27F34B5100BE232C /* SwiftUI_ModifiersApp.swift */,
				AE3FEFBE27F34B5100BE232C /* ContentView.swift */,
				AE3FEFCA27F34C9900BE232C /* OnChangeView.swift */,
				AE3FEFCC27F34CBA00BE232C /* RedactedView.swift */,
				AE3FEFCE27F34D7000BE232C /* ScrollToView.swift */,
				AE3FEFC027F34B5300BE232C /* Assets.xcassets */,
				AE3FEFC227F34B5300BE232C /* Preview Content */,
			);
			path = "SwiftUI Modifiers";
			sourceTree = "<group>";
		};
		AE3FEFC227F34B5300BE232C /* Preview Content */ = {
			isa = PBXGroup;
			children = (
				AE3FEFC327F34B5300BE232C /* Preview Assets.xcassets */,
			);
			path = "Preview Content";
			sourceTree = "<group>";
		};
/* End PBXGroup section */

/* Begin PBXNativeTarget section */
		AE3FEFB827F34B5100BE232C /* SwiftUI Modifiers */ = {
			isa = PBXNativeTarget;
			buildConfigurationList = AE3FEFC727F34B5300BE232C /* Build configuration list for PBXNativeTarget "SwiftUI Modifiers" */;
			buildPhases = (
				AE3FEFB527F34B5100BE232C /* Sources */,
				AE3FEFB627F34B5100BE232C /* Frameworks */,
				AE3FEFB727F34B5100BE232C /* Resources */,
			);
			buildRules = (
			);
			dependencies = (
			);
			name = "SwiftUI Modifiers";
			productName = "SwiftUI Modifiers";
			productReference = AE3FEFB927F34B5100BE232C /* SwiftUI Modifiers.app */;
			productType = "com.apple.product-type.application";
		};
/* End PBXNativeTarget section */

/* Begin PBXProject section */
		AE3FEFB127F34B5100BE232C /* Project object */ = {
			isa = PBXProject;
			attributes = {
				BuildIndependentTargetsInParallel = 1;
				LastSwiftUpdateCheck = 1310;
				LastUpgradeCheck = 1310;
				TargetAttributes = {
					AE3FEFB827F34B5100BE232C = {
						CreatedOnToolsVersion = 13.1;
					};
				};
			};
			buildConfigurationList = AE3FEFB427F34B5100BE232C /* Build configuration list for PBXProject "SwiftUI Modifiers" */;
			compatibilityVersion = "Xcode 13.0";
			developmentRegion = en;
			hasScannedForEncodings = 0;
			knownRegions = (
				en,
				Base,
			);
			mainGroup = AE3FEFB027F34B5100BE232C;
			productRefGroup = AE3FEFBA27F34B5100BE232C /* Products */;
			projectDirPath = "";
			projectRoot = "";
			targets = (
				AE3FEFB827F34B5100BE232C /* SwiftUI Modifiers */,
			);
		};
/* End PBXProject section */

/* Begin PBXResourcesBuildPhase section */
		AE3FEFB727F34B5100BE232C /* Resources */ = {
			isa = PBXResourcesBuildPhase;
			buildActionMask = 2147483647;
			files = (
				AE3FEFC427F34B5300BE232C /* Preview Assets.xcassets in Resources */,
				AE3FEFC127F34B5300BE232C /* Assets.xcassets in Resources */,
			);
			runOnlyForDeploymentPostprocessing = 0;
		};
/* End PBXResourcesBuildPhase section */

/* Begin PBXSourcesBuildPhase section */
		AE3FEFB527F34B5100BE232C /* Sources */ = {
			isa = PBXSourcesBuildPhase;
			buildActionMask = 2147483647;
			files = (
				AE3FEFCF27F34D7000BE232C /* ScrollToView.swift in Sources */,
				AE3FEFCD27F34CBA00BE232C /* RedactedView.swift in Sources */,
				AE3FEFBF27F34B5100BE232C /* ContentView.swift in Sources */,
				AE3FEFCB27F34C9900BE232C /* OnChangeView.swift in Sources */,
				AE3FEFBD27F34B5100BE232C /* SwiftUI_ModifiersApp.swift in Sources */,
			);
			runOnlyForDeploymentPostprocessing = 0;
		};
/* End PBXSourcesBuildPhase section */

/* Begin XCBuildConfiguration section */
		AE3FEFC527F34B5300BE232C /* Debug */ = {
			isa = XCBuildConfiguration;
			buildSettings = {
				ALWAYS_SEARCH_USER_PATHS = NO;
				CLANG_ANALYZER_NONNULL = YES;
				CLANG_ANALYZER_NUMBER_OBJECT_CONVERSION = YES_AGGRESSIVE;
				CLANG_CXX_LANGUAGE_STANDARD = "gnu++17";
				CLANG_CXX_LIBRARY = "libc++";
				CLANG_ENABLE_MODULES = YES;
				CLANG_ENABLE_OBJC_ARC = YES;
				CLANG_ENABLE_OBJC_WEAK = YES;
				CLANG_WARN_BLOCK_CAPTURE_AUTORELEASING = YES;
				CLANG_WARN_BOOL_CONVERSION = YES;
				CLANG_WARN_COMMA = YES;
				CLANG_WARN_CONSTANT_CONVERSION = YES;
				CLANG_WARN_DEPRECATED_OBJC_IMPLEMENTATIONS = YES;
				CLANG_WARN_DIRECT_OBJC_ISA_USAGE = YES_ERROR;
				CLANG_WARN_DOCUMENTATION_COMMENTS = YES;
				CLANG_WARN_EMPTY_BODY = YES;
				CLANG_WARN_ENUM_CONVERSION = YES;
				CLANG_WARN_INFINITE_RECURSION = YES;
				CLANG_WARN_INT_CONVERSION = YES;
				CLANG_WARN_NON_LITERAL_NULL_CONVERSION = YES;
				CLANG_WARN_OBJC_IMPLICIT_RETAIN_SELF = YES;
				CLANG_WARN_OBJC_LITERAL_CONVERSION = YES;
				CLANG_WARN_OBJC_ROOT_CLASS = YES_ERROR;
				CLANG_WARN_QUOTED_INCLUDE_IN_FRAMEWORK_HEADER = YES;
				CLANG_WARN_RANGE_LOOP_ANALYSIS = YES;
				CLANG_WARN_STRICT_PROTOTYPES = YES;
				CLANG_WARN_SUSPICIOUS_MOVE = YES;
				CLANG_WARN_UNGUARDED_AVAILABILITY = YES_AGGRESSIVE;
				CLANG_WARN_UNREACHABLE_CODE = YES;
				CLANG_WARN__DUPLICATE_METHOD_MATCH = YES;
				COPY_PHASE_STRIP = NO;
				DEBUG_INFORMATION_FORMAT = dwarf;
				ENABLE_STRICT_OBJC_MSGSEND = YES;
				ENABLE_TESTABILITY = YES;
				GCC_C_LANGUAGE_STANDARD = gnu11;
				GCC_DYNAMIC_NO_PIC = NO;
				GCC_NO_COMMON_BLOCKS = YES;
				GCC_OPTIMIZATION_LEVEL = 0;
				GCC_PREPROCESSOR_DEFINITIONS = (
					"DEBUG=1",
					"$(inherited)",
				);
				GCC_WARN_64_TO_32_BIT_CONVERSION = YES;
				GCC_WARN_ABOUT_RETURN_TYPE = YES_ERROR;
				GCC_WARN_UNDECLARED_SELECTOR = YES;
				GCC_WARN_UNINITIALIZED_AUTOS = YES_AGGRESSIVE;
				GCC_WARN_UNUSED_FUNCTION = YES;
				GCC_WARN_UNUSED_VARIABLE = YES;
				IPHONEOS_DEPLOYMENT_TARGET = 15.0;
				MTL_ENABLE_DEBUG_INFO = INCLUDE_SOURCE;
				MTL_FAST_MATH = YES;
				ONLY_ACTIVE_ARCH = YES;
				SDKROOT = iphoneos;
				SWIFT_ACTIVE_COMPILATION_CONDITIONS = DEBUG;
				SWIFT_OPTIMIZATION_LEVEL = "-Onone";
			};
			name = Debug;
		};
		AE3FEFC627F34B5300BE232C /* Release */ = {
			isa = XCBuildConfiguration;
			buildSettings = {
				ALWAYS_SEARCH_USER_PATHS = NO;
				CLANG_ANALYZER_NONNULL = YES;
				CLANG_ANALYZER_NUMBER_OBJECT_CONVERSION = YES_AGGRESSIVE;
				CLANG_CXX_LANGUAGE_STANDARD = "gnu++17";
				CLANG_CXX_LIBRARY = "libc++";
				CLANG_ENABLE_MODULES = YES;
				CLANG_ENABLE_OBJC_ARC = YES;
				CLANG_ENABLE_OBJC_WEAK = YES;
				CLANG_WARN_BLOCK_CAPTURE_AUTORELEASING = YES;
				CLANG_WARN_BOOL_CONVERSION = YES;
				CLANG_WARN_COMMA = YES;
				CLANG_WARN_CONSTANT_CONVERSION = YES;
				CLANG_WARN_DEPRECATED_OBJC_IMPLEMENTATIONS = YES;
				CLANG_WARN_DIRECT_OBJC_ISA_USAGE = YES_ERROR;
				CLANG_WARN_DOCUMENTATION_COMMENTS = YES;
				CLANG_WARN_EMPTY_BODY = YES;
				CLANG_WARN_ENUM_CONVERSION = YES;
				CLANG_WARN_INFINITE_RECURSION = YES;
				CLANG_WARN_INT_CONVERSION = YES;
				CLANG_WARN_NON_LITERAL_NULL_CONVERSION = YES;
				CLANG_WARN_OBJC_IMPLICIT_RETAIN_SELF = YES;
				CLANG_WARN_OBJC_LITERAL_CONVERSION = YES;
				CLANG_WARN_OBJC_ROOT_CLASS = YES_ERROR;
				CLANG_WARN_QUOTED_INCLUDE_IN_FRAMEWORK_HEADER = YES;
				CLANG_WARN_RANGE_LOOP_ANALYSIS = YES;
				CLANG_WARN_STRICT_PROTOTYPES = YES;
				CLANG_WARN_SUSPICIOUS_MOVE = YES;
				CLANG_WARN_UNGUARDED_AVAILABILITY = YES_AGGRESSIVE;
				CLANG_WARN_UNREACHABLE_CODE = YES;
				CLANG_WARN__DUPLICATE_METHOD_MATCH = YES;
				COPY_PHASE_STRIP = NO;
				DEBUG_INFORMATION_FORMAT = "dwarf-with-dsym";
				ENABLE_NS_ASSERTIONS = NO;
				ENABLE_STRICT_OBJC_MSGSEND = YES;
				GCC_C_LANGUAGE_STANDARD = gnu11;
				GCC_NO_COMMON_BLOCKS = YES;
				GCC_WARN_64_TO_32_BIT_CONVERSION = YES;
				GCC_WARN_ABOUT_RETURN_TYPE = YES_ERROR;
				GCC_WARN_UNDECLARED_SELECTOR = YES;
				GCC_WARN_UNINITIALIZED_AUTOS = YES_AGGRESSIVE;
				GCC_WARN_UNUSED_FUNCTION = YES;
				GCC_WARN_UNUSED_VARIABLE = YES;
				IPHONEOS_DEPLOYMENT_TARGET = 15.0;
				MTL_ENABLE_DEBUG_INFO = NO;
				MTL_FAST_MATH = YES;
				SDKROOT = iphoneos;
				SWIFT_COMPILATION_MODE = wholemodule;
				SWIFT_OPTIMIZATION_LEVEL = "-O";
				VALIDATE_PRODUCT = YES;
			};
			name = Release;
		};
		AE3FEFC827F34B5300BE232C /* Debug */ = {
			isa = XCBuildConfiguration;
			buildSettings = {
				ASSETCATALOG_COMPILER_APPICON_NAME = AppIcon;
				ASSETCATALOG_COMPILER_GLOBAL_ACCENT_COLOR_NAME = AccentColor;
				CODE_SIGN_STYLE = Automatic;
				CURRENT_PROJECT_VERSION = 1;
				DEVELOPMENT_ASSET_PATHS = "\"SwiftUI Modifiers/Preview Content\"";
				ENABLE_PREVIEWS = YES;
				GENERATE_INFOPLIST_FILE = YES;
				INFOPLIST_KEY_UIApplicationSceneManifest_Generation = YES;
				INFOPLIST_KEY_UIApplicationSupportsIndirectInputEvents = YES;
				INFOPLIST_KEY_UILaunchScreen_Generation = YES;
				INFOPLIST_KEY_UISupportedInterfaceOrientations_iPad = "UIInterfaceOrientationPortrait UIInterfaceOrientationPortraitUpsideDown UIInterfaceOrientationLandscapeLeft UIInterfaceOrientationLandscapeRight";
				INFOPLIST_KEY_UISupportedInterfaceOrientations_iPhone = "UIInterfaceOrientationPortrait UIInterfaceOrientationLandscapeLeft UIInterfaceOrientationLandscapeRight";
				LD_RUNPATH_SEARCH_PATHS = (
					"$(inherited)",
					"@executable_path/Frameworks",
				);
				MARKETING_VERSION = 1.0;
				PRODUCT_BUNDLE_IDENTIFIER = "com.samuelblackburn.SwiftUI-Modifiers";
				PRODUCT_NAME = "$(TARGET_NAME)";
				SWIFT_EMIT_LOC_STRINGS = YES;
				SWIFT_VERSION = 5.0;
				TARGETED_DEVICE_FAMILY = "1,2";
			};
			name = Debug;
		};
		AE3FEFC927F34B5300BE232C /* Release */ = {
			isa = XCBuildConfiguration;
			buildSettings = {
				ASSETCATALOG_COMPILER_APPICON_NAME = AppIcon;
				ASSETCATALOG_COMPILER_GLOBAL_ACCENT_COLOR_NAME = AccentColor;
				CODE_SIGN_STYLE = Automatic;
				CURRENT_PROJECT_VERSION = 1;
				DEVELOPMENT_ASSET_PATHS = "\"SwiftUI Modifiers/Preview Content\"";
				ENABLE_PREVIEWS = YES;
				GENERATE_INFOPLIST_FILE = YES;
				INFOPLIST_KEY_UIApplicationSceneManifest_Generation = YES;
				INFOPLIST_KEY_UIApplicationSupportsIndirectInputEvents = YES;
				INFOPLIST_KEY_UILaunchScreen_Generation = YES;
				INFOPLIST_KEY_UISupportedInterfaceOrientations_iPad = "UIInterfaceOrientationPortrait UIInterfaceOrientationPortraitUpsideDown UIInterfaceOrientationLandscapeLeft UIInterfaceOrientationLandscapeRight";
				INFOPLIST_KEY_UISupportedInterfaceOrientations_iPhone = "UIInterfaceOrientationPortrait UIInterfaceOrientationLandscapeLeft UIInterfaceOrientationLandscapeRight";
				LD_RUNPATH_SEARCH_PATHS = (
					"$(inherited)",
					"@executable_path/Frameworks",
				);
				MARKETING_VERSION = 1.0;
				PRODUCT_BUNDLE_IDENTIFIER = "com.samuelblackburn.SwiftUI-Modifiers";
				PRODUCT_NAME = "$(TARGET_NAME)";
				SWIFT_EMIT_LOC_STRINGS = YES;
				SWIFT_VERSION = 5.0;
				TARGETED_DEVICE_FAMILY = "1,2";
			};
			name = Release;
		};
/* End XCBuildConfiguration section */

/* Begin XCConfigurationList section */
		AE3FEFB427F34B5100BE232C /* Build configuration list for PBXProject "SwiftUI Modifiers" */ = {
			isa = XCConfigurationList;
			buildConfigurations = (
				AE3FEFC527F34B5300BE232C /* Debug */,
				AE3FEFC627F34B5300BE232C /* Release */,
			);
			defaultConfigurationIsVisible = 0;
			defaultConfigurationName = Release;
		};
		AE3FEFC727F34B5300BE232C /* Build configuration list for PBXNativeTarget "SwiftUI Modifiers" */ = {
			isa = XCConfigurationList;
			buildConfigurations = (
				AE3FEFC827F34B5300BE232C /* Debug */,
				AE3FEFC927F34B5300BE232C /* Release */,
			);
			defaultConfigurationIsVisible = 0;
			defaultConfigurationName = Release;
		};
/* End XCConfigurationList section */
	};
	rootObject = AE3FEFB127F34B5100BE232C /* Project object */;
}
